
Microsoft Visual Studio Solution File, Format Version 12.00
# Visual Studio 2012
Project("{FAE04EC0-301F-11D3-BF4B-00C04F79EFBC}") = "ReverseString", "ReverseString\ReverseString.csproj", "{F8011355-DB9C-4B6D-99B9-9A88C82CC12E}"
EndProject
Project("{FAE04EC0-301F-11D3-BF4B-00C04F79EFBC}") = "CheckBrackets", "CheckBrackets\CheckBrackets.csproj", "{4560B2F6-F45A-4458-A018-24E74966DEB7}"
EndProject
Project("{FAE04EC0-301F-11D3-BF4B-00C04F79EFBC}") = "SearchSubstringInText", "SearchSubstringInText\SearchSubstringInText.csproj", "{93A5A372-A161-4ECF-BE5E-3443B4E4042B}"
EndProject
Project("{FAE04EC0-301F-11D3-BF4B-00C04F79EFBC}") = "ReplaceSubstringInText", "ReplaceSubstringInText\ReplaceSubstringInText.csproj", "{EE715C9D-79E8-4423-82A8-11DACB736600}"
EndProject
Project("{FAE04EC0-301F-11D3-BF4B-00C04F79EFBC}") = "GetLimitedString", "GetLimitedString\GetLimitedString.csproj", "{3785920F-08FB-4F50-A08B-D33425602EEB}"
EndProject
Global
	GlobalSection(SolutionConfigurationPlatforms) = preSolution
		Debug|Any CPU = Debug|Any CPU
		Release|Any CPU = Release|Any CPU
	EndGlobalSection
	GlobalSection(ProjectConfigurationPlatforms) = postSolution
		{F8011355-DB9C-4B6D-99B9-9A88C82CC12E}.Debug|Any CPU.ActiveCfg = Debug|Any CPU
		{F8011355-DB9C-4B6D-99B9-9A88C82CC12E}.Debug|Any CPU.Build.0 = Debug|Any CPU
		{F8011355-DB9C-4B6D-99B9-9A88C82CC12E}.Release|Any CPU.ActiveCfg = Release|Any CPU
		{F8011355-DB9C-4B6D-99B9-9A88C82CC12E}.Release|Any CPU.Build.0 = Release|Any CPU
		{4560B2F6-F45A-4458-A018-24E74966DEB7}.Debug|Any CPU.ActiveCfg = Debug|Any CPU
		{4560B2F6-F45A-4458-A018-24E74966DEB7}.Debug|Any CPU.Build.0 = Debug|Any CPU
		{4560B2F6-F45A-4458-A018-24E74966DEB7}.Release|Any CPU.ActiveCfg = Release|Any CPU
		{4560B2F6-F45A-4458-A018-24E74966DEB7}.Release|Any CPU.Build.0 = Release|Any CPU
		{93A5A372-A161-4ECF-BE5E-3443B4E4042B}.Debug|Any CPU.ActiveCfg = Debug|Any CPU
		{93A5A372-A161-4ECF-BE5E-3443B4E4042B}.Debug|Any CPU.Build.0 = Debug|Any CPU
		{93A5A372-A161-4ECF-BE5E-3443B4E4042B}.Release|Any CPU.ActiveCfg = Release|Any CPU
		{93A5A372-A161-4ECF-BE5E-3443B4E4042B}.Release|Any CPU.Build.0 = Release|Any CPU
		{EE715C9D-79E8-4423-82A8-11DACB736600}.Debug|Any CPU.ActiveCfg = Debug|Any CPU
		{EE715C9D-79E8-4423-82A8-11DACB736600}.Debug|Any CPU.Build.0 = Debug|Any CPU
		{EE715C9D-79E8-4423-82A8-11DACB736600}.Release|Any CPU.ActiveCfg = Release|Any CPU
		{EE715C9D-79E8-4423-82A8-11DACB736600}.Release|Any CPU.Build.0 = Release|Any CPU
		{3785920F-08FB-4F50-A08B-D33425602EEB}.Debug|Any CPU.ActiveCfg = Debug|Any CPU
		{3785920F-08FB-4F50-A08B-D33425602EEB}.Debug|Any CPU.Build.0 = Debug|Any CPU
		{3785920F-08FB-4F50-A08B-D33425602EEB}.Release|Any CPU.ActiveCfg = Release|Any CPU
		{3785920F-08FB-4F50-A08B-D33425602EEB}.Release|Any CPU.Build.0 = Release|Any CPU
	EndGlobalSection
	GlobalSection(SolutionProperties) = preSolution
		HideSolutionNode = FALSE
	EndGlobalSection
EndGlobal
